
Microsoft Visual Studio Solution File, Format Version 12.00
# Visual Studio Version 17
VisualStudioVersion = 17.8.34408.163
MinimumVisualStudioVersion = 10.0.40219.1
Project("{FAE04EC0-301F-11D3-BF4B-00C04F79EFBC}") = "Ajax", "Ajax\Ajax.csproj", "{CADA32F5-FB1A-449A-9FCC-836AD5996DE2}"
EndProject
Global
	GlobalSection(SolutionConfigurationPlatforms) = preSolution
		Debug|Any CPU = Debug|Any CPU
		Release|Any CPU = Release|Any CPU
	EndGlobalSection
	GlobalSection(ProjectConfigurationPlatforms) = postSolution
		{CADA32F5-FB1A-449A-9FCC-836AD5996DE2}.Debug|Any CPU.ActiveCfg = Debug|Any CPU
		{CADA32F5-FB1A-449A-9FCC-836AD5996DE2}.Debug|Any CPU.Build.0 = Debug|Any CPU
		{CADA32F5-FB1A-449A-9FCC-836AD5996DE2}.Release|Any CPU.ActiveCfg = Release|Any CPU
		{CADA32F5-FB1A-449A-9FCC-836AD5996DE2}.Release|Any CPU.Build.0 = Release|Any CPU
	EndGlobalSection
	GlobalSection(SolutionProperties) = preSolution
		HideSolutionNode = FALSE
	EndGlobalSection
	GlobalSection(ExtensibilityGlobals) = postSolution
		SolutionGuid = {D2F70056-7EE8-4B8D-B618-8003662E1CD4}
	EndGlobalSection
EndGlobal
